
Microsoft Visual Studio Solution File, Format Version 12.00
# Visual Studio 2012
Project("{FAE04EC0-301F-11D3-BF4B-00C04F79EFBC}") = "SDK", "sdk\SDK.csproj", "{3B3C4EEC-1F49-47F1-A531-6799BC5B66F8}"
EndProject
Project("{FAE04EC0-301F-11D3-BF4B-00C04F79EFBC}") = "Tests", "tests\Tests.csproj", "{22940782-EF8C-45F7-BA51-D8947B5A98B0}"
EndProject
Project("{2150E333-8FDC-42A3-9474-1A3956D46DE8}") = "Examples", "Examples", "{B8BF6EAB-DF71-4570-B56E-118726B9E2EA}"
EndProject
Project("{FAE04EC0-301F-11D3-BF4B-00C04F79EFBC}") = "UsStreetGetExample", "examples\UsStreetGetExample\UsStreetGetExample.csproj", "{08545F1E-3E0F-41AC-9A18-AA2EFDFF2ECF}"
EndProject
Project("{FAE04EC0-301F-11D3-BF4B-00C04F79EFBC}") = "UsStreetPostExample", "examples\UsStreetPostExample\UsStreetPostExample.csproj", "{1D49A98A-75E0-479B-A0D7-362B28AC7276}"
EndProject
Project("{FAE04EC0-301F-11D3-BF4B-00C04F79EFBC}") = "UsZipCodeGetExample", "examples\UsZipCodeGetExample\UsZipCodeGetExample.csproj", "{427411D9-FC2D-458D-BAC6-47DE6A5B74E1}"
EndProject
Project("{FAE04EC0-301F-11D3-BF4B-00C04F79EFBC}") = "UsZipCodePostExample", "examples\UsZipCodePostExample\UsZipCodePostExample.csproj", "{DAED1A16-B2DD-4F2D-AA30-4FC743B934D0}"
EndProject
Global
	GlobalSection(SolutionConfigurationPlatforms) = preSolution
		Debug|x86 = Debug|x86
		Release|x86 = Release|x86
	EndGlobalSection
	GlobalSection(ProjectConfigurationPlatforms) = postSolution
		{22940782-EF8C-45F7-BA51-D8947B5A98B0}.Debug|x86.ActiveCfg = Debug|x86
		{22940782-EF8C-45F7-BA51-D8947B5A98B0}.Debug|x86.Build.0 = Debug|x86
		{22940782-EF8C-45F7-BA51-D8947B5A98B0}.Release|x86.ActiveCfg = Release|x86
		{22940782-EF8C-45F7-BA51-D8947B5A98B0}.Release|x86.Build.0 = Release|x86
		{3B3C4EEC-1F49-47F1-A531-6799BC5B66F8}.Debug|x86.ActiveCfg = Debug|x86
		{3B3C4EEC-1F49-47F1-A531-6799BC5B66F8}.Debug|x86.Build.0 = Debug|x86
		{3B3C4EEC-1F49-47F1-A531-6799BC5B66F8}.Release|x86.ActiveCfg = Release|x86
		{3B3C4EEC-1F49-47F1-A531-6799BC5B66F8}.Release|x86.Build.0 = Release|x86
		{08545F1E-3E0F-41AC-9A18-AA2EFDFF2ECF}.Debug|x86.ActiveCfg = Debug|x86
		{08545F1E-3E0F-41AC-9A18-AA2EFDFF2ECF}.Debug|x86.Build.0 = Debug|x86
		{08545F1E-3E0F-41AC-9A18-AA2EFDFF2ECF}.Release|x86.ActiveCfg = Release|x86
		{08545F1E-3E0F-41AC-9A18-AA2EFDFF2ECF}.Release|x86.Build.0 = Release|x86
		{1D49A98A-75E0-479B-A0D7-362B28AC7276}.Debug|x86.ActiveCfg = Debug|x86
		{1D49A98A-75E0-479B-A0D7-362B28AC7276}.Debug|x86.Build.0 = Debug|x86
		{1D49A98A-75E0-479B-A0D7-362B28AC7276}.Release|x86.ActiveCfg = Release|x86
		{1D49A98A-75E0-479B-A0D7-362B28AC7276}.Release|x86.Build.0 = Release|x86
		{427411D9-FC2D-458D-BAC6-47DE6A5B74E1}.Debug|x86.ActiveCfg = Debug|x86
		{427411D9-FC2D-458D-BAC6-47DE6A5B74E1}.Debug|x86.Build.0 = Debug|x86
		{427411D9-FC2D-458D-BAC6-47DE6A5B74E1}.Release|x86.ActiveCfg = Release|x86
		{427411D9-FC2D-458D-BAC6-47DE6A5B74E1}.Release|x86.Build.0 = Release|x86
		{DAED1A16-B2DD-4F2D-AA30-4FC743B934D0}.Debug|x86.ActiveCfg = Debug|x86
		{DAED1A16-B2DD-4F2D-AA30-4FC743B934D0}.Debug|x86.Build.0 = Debug|x86
		{DAED1A16-B2DD-4F2D-AA30-4FC743B934D0}.Release|x86.ActiveCfg = Release|x86
		{DAED1A16-B2DD-4F2D-AA30-4FC743B934D0}.Release|x86.Build.0 = Release|x86
	EndGlobalSection
	GlobalSection(NestedProjects) = preSolution
		{08545F1E-3E0F-41AC-9A18-AA2EFDFF2ECF} = {B8BF6EAB-DF71-4570-B56E-118726B9E2EA}
		{1D49A98A-75E0-479B-A0D7-362B28AC7276} = {B8BF6EAB-DF71-4570-B56E-118726B9E2EA}
		{427411D9-FC2D-458D-BAC6-47DE6A5B74E1} = {B8BF6EAB-DF71-4570-B56E-118726B9E2EA}
		{DAED1A16-B2DD-4F2D-AA30-4FC743B934D0} = {B8BF6EAB-DF71-4570-B56E-118726B9E2EA}
	EndGlobalSection
EndGlobal
