
Microsoft Visual Studio Solution File, Format Version 12.00
# Visual Studio 15
VisualStudioVersion = 15.0.27130.2036
MinimumVisualStudioVersion = 10.0.40219.1
Project("{9A19103F-16F7-4668-BE54-9A1E7A4F7556}") = "SDK", "sdk\SDK.csproj", "{3B3C4EEC-1F49-47F1-A531-6799BC5B66F8}"
EndProject
Project("{9A19103F-16F7-4668-BE54-9A1E7A4F7556}") = "Tests", "tests\Tests.csproj", "{22940782-EF8C-45F7-BA51-D8947B5A98B0}"
EndProject
Project("{9A19103F-16F7-4668-BE54-9A1E7A4F7556}") = "Examples", "examples\Examples.csproj", "{3CDF3376-8FA4-4E86-B968-CBD88250FDF8}"
EndProject
Project("{9A19103F-16F7-4668-BE54-9A1E7A4F7556}") = "IntegrationTests", "IntegrationTests\IntegrationTests.csproj", "{0280AF79-44C7-4CD8-AE4C-385D8B434ED3}"
EndProject
Global
	GlobalSection(SolutionConfigurationPlatforms) = preSolution
		Debug|Any CPU = Debug|Any CPU
		Release|Any CPU = Release|Any CPU
	EndGlobalSection
	GlobalSection(ProjectConfigurationPlatforms) = postSolution
		{3B3C4EEC-1F49-47F1-A531-6799BC5B66F8}.Debug|Any CPU.ActiveCfg = Debug|Any CPU
		{3B3C4EEC-1F49-47F1-A531-6799BC5B66F8}.Debug|Any CPU.Build.0 = Debug|Any CPU
		{3B3C4EEC-1F49-47F1-A531-6799BC5B66F8}.Release|Any CPU.ActiveCfg = Release|Any CPU
		{3B3C4EEC-1F49-47F1-A531-6799BC5B66F8}.Release|Any CPU.Build.0 = Release|Any CPU
		{22940782-EF8C-45F7-BA51-D8947B5A98B0}.Debug|Any CPU.ActiveCfg = Debug|Any CPU
		{22940782-EF8C-45F7-BA51-D8947B5A98B0}.Debug|Any CPU.Build.0 = Debug|Any CPU
		{22940782-EF8C-45F7-BA51-D8947B5A98B0}.Release|Any CPU.ActiveCfg = Release|Any CPU
		{22940782-EF8C-45F7-BA51-D8947B5A98B0}.Release|Any CPU.Build.0 = Release|Any CPU
		{3CDF3376-8FA4-4E86-B968-CBD88250FDF8}.Debug|Any CPU.ActiveCfg = Debug|Any CPU
		{3CDF3376-8FA4-4E86-B968-CBD88250FDF8}.Debug|Any CPU.Build.0 = Debug|Any CPU
		{3CDF3376-8FA4-4E86-B968-CBD88250FDF8}.Release|Any CPU.ActiveCfg = Release|Any CPU
		{3CDF3376-8FA4-4E86-B968-CBD88250FDF8}.Release|Any CPU.Build.0 = Release|Any CPU
		{0280AF79-44C7-4CD8-AE4C-385D8B434ED3}.Debug|Any CPU.ActiveCfg = Debug|Any CPU
		{0280AF79-44C7-4CD8-AE4C-385D8B434ED3}.Debug|Any CPU.Build.0 = Debug|Any CPU
		{0280AF79-44C7-4CD8-AE4C-385D8B434ED3}.Release|Any CPU.ActiveCfg = Release|Any CPU
		{0280AF79-44C7-4CD8-AE4C-385D8B434ED3}.Release|Any CPU.Build.0 = Release|Any CPU
	EndGlobalSection
	GlobalSection(SolutionProperties) = preSolution
		HideSolutionNode = FALSE
	EndGlobalSection
	GlobalSection(ExtensibilityGlobals) = postSolution
		SolutionGuid = {56C417DD-9E53-42A9-B5DE-07FADF73F3DE}
	EndGlobalSection
EndGlobal
