
Microsoft Visual Studio Solution File, Format Version 12.00
# Visual Studio 15
VisualStudioVersion = 15.0.27428.2037
MinimumVisualStudioVersion = 10.0.40219.1
Project("{9A19103F-16F7-4668-BE54-9A1E7A4F7556}") = "sdk", "sdk\sdk.csproj", "{078EC965-EB61-4757-B4EA-CF0387E7C050}"
EndProject
Project("{9A19103F-16F7-4668-BE54-9A1E7A4F7556}") = "tests", "tests\tests.csproj", "{8C4997AC-FA15-49F0-B6F0-35AE14DFE5C6}"
EndProject
Project("{9A19103F-16F7-4668-BE54-9A1E7A4F7556}") = "integration", "integration\integration.csproj", "{366C228F-8D22-4712-B5B8-A26B4F61AFBF}"
EndProject
Project("{9A19103F-16F7-4668-BE54-9A1E7A4F7556}") = "examples", "examples\examples.csproj", "{F92D4539-4EB1-4399-BB8C-CFE6EDEB06D7}"
EndProject
Global
	GlobalSection(SolutionConfigurationPlatforms) = preSolution
		Debug|Any CPU = Debug|Any CPU
		Release|Any CPU = Release|Any CPU
	EndGlobalSection
	GlobalSection(ProjectConfigurationPlatforms) = postSolution
		{078EC965-EB61-4757-B4EA-CF0387E7C050}.Debug|Any CPU.ActiveCfg = Debug|Any CPU
		{078EC965-EB61-4757-B4EA-CF0387E7C050}.Debug|Any CPU.Build.0 = Debug|Any CPU
		{078EC965-EB61-4757-B4EA-CF0387E7C050}.Release|Any CPU.ActiveCfg = Release|Any CPU
		{078EC965-EB61-4757-B4EA-CF0387E7C050}.Release|Any CPU.Build.0 = Release|Any CPU
		{8C4997AC-FA15-49F0-B6F0-35AE14DFE5C6}.Debug|Any CPU.ActiveCfg = Debug|Any CPU
		{8C4997AC-FA15-49F0-B6F0-35AE14DFE5C6}.Debug|Any CPU.Build.0 = Debug|Any CPU
		{8C4997AC-FA15-49F0-B6F0-35AE14DFE5C6}.Release|Any CPU.ActiveCfg = Release|Any CPU
		{8C4997AC-FA15-49F0-B6F0-35AE14DFE5C6}.Release|Any CPU.Build.0 = Release|Any CPU
		{366C228F-8D22-4712-B5B8-A26B4F61AFBF}.Debug|Any CPU.ActiveCfg = Debug|Any CPU
		{366C228F-8D22-4712-B5B8-A26B4F61AFBF}.Debug|Any CPU.Build.0 = Debug|Any CPU
		{366C228F-8D22-4712-B5B8-A26B4F61AFBF}.Release|Any CPU.ActiveCfg = Release|Any CPU
		{366C228F-8D22-4712-B5B8-A26B4F61AFBF}.Release|Any CPU.Build.0 = Release|Any CPU
		{F92D4539-4EB1-4399-BB8C-CFE6EDEB06D7}.Debug|Any CPU.ActiveCfg = Debug|Any CPU
		{F92D4539-4EB1-4399-BB8C-CFE6EDEB06D7}.Debug|Any CPU.Build.0 = Debug|Any CPU
		{F92D4539-4EB1-4399-BB8C-CFE6EDEB06D7}.Release|Any CPU.ActiveCfg = Release|Any CPU
		{F92D4539-4EB1-4399-BB8C-CFE6EDEB06D7}.Release|Any CPU.Build.0 = Release|Any CPU
	EndGlobalSection
	GlobalSection(SolutionProperties) = preSolution
		HideSolutionNode = FALSE
	EndGlobalSection
	GlobalSection(ExtensibilityGlobals) = postSolution
		SolutionGuid = {FF5FFA0E-1889-472C-BDBE-29B05DBB5205}
	EndGlobalSection
EndGlobal
